
Microsoft Visual Studio Solution File, Format Version 12.00
# Visual Studio 15
VisualStudioVersion = 15.0.27130.2027
MinimumVisualStudioVersion = 10.0.40219.1
Project("{FAE04EC0-301F-11D3-BF4B-00C04F79EFBC}") = "ToFast.Data", "ToFast.Data\ToFast.Data.csproj", "{0E4428FE-7471-4896-AD27-B9AC48E75ED9}"
EndProject
Project("{FAE04EC0-301F-11D3-BF4B-00C04F79EFBC}") = "ToFast", "ToFast\ToFast.csproj", "{30AAD553-2B13-4ACD-8BD6-252D793A1117}"
EndProject
Global
	GlobalSection(SolutionConfigurationPlatforms) = preSolution
		Debug|Any CPU = Debug|Any CPU
		Release|Any CPU = Release|Any CPU
	EndGlobalSection
	GlobalSection(ProjectConfigurationPlatforms) = postSolution
		{0E4428FE-7471-4896-AD27-B9AC48E75ED9}.Debug|Any CPU.ActiveCfg = Debug|Any CPU
		{0E4428FE-7471-4896-AD27-B9AC48E75ED9}.Debug|Any CPU.Build.0 = Debug|Any CPU
		{0E4428FE-7471-4896-AD27-B9AC48E75ED9}.Release|Any CPU.ActiveCfg = Release|Any CPU
		{0E4428FE-7471-4896-AD27-B9AC48E75ED9}.Release|Any CPU.Build.0 = Release|Any CPU
		{30AAD553-2B13-4ACD-8BD6-252D793A1117}.Debug|Any CPU.ActiveCfg = Debug|Any CPU
		{30AAD553-2B13-4ACD-8BD6-252D793A1117}.Debug|Any CPU.Build.0 = Debug|Any CPU
		{30AAD553-2B13-4ACD-8BD6-252D793A1117}.Release|Any CPU.ActiveCfg = Release|Any CPU
		{30AAD553-2B13-4ACD-8BD6-252D793A1117}.Release|Any CPU.Build.0 = Release|Any CPU
	EndGlobalSection
	GlobalSection(SolutionProperties) = preSolution
		HideSolutionNode = FALSE
	EndGlobalSection
	GlobalSection(ExtensibilityGlobals) = postSolution
		SolutionGuid = {DE6DDAEF-8CE3-4DB5-8C52-D7050A29271D}
	EndGlobalSection
EndGlobal
